
Microsoft Visual Studio Solution File, Format Version 12.00
Project("{FAE04EC0-301F-11D3-BF4B-00C04F79EFBC}") = "App.API", "App.API.csproj", "{17842E60-2E9B-42BB-8ED2-9556D5898EB3}"
EndProject
Project("{FAE04EC0-301F-11D3-BF4B-00C04F79EFBC}") = "FS.BaseAPI", "..\fs_source\FS.BaseAPI\FS.BaseAPI.csproj", "{B8EBCC36-E8D2-41AE-A4C7-94612829CDC4}"
EndProject
Project("{2150E333-8FDC-42A3-9474-1A3956D46DE8}") = "CORE", "CORE", "{0203E444-120F-4513-92F0-3D97869E3165}"
EndProject
Project("{FAE04EC0-301F-11D3-BF4B-00C04F79EFBC}") = "FS.BaseModels", "..\fs_source\FS.BaseModels\FS.BaseModels.csproj", "{E82BBCFB-EB49-4266-8CAB-80D0A383312C}"
EndProject
Project("{FAE04EC0-301F-11D3-BF4B-00C04F79EFBC}") = "FS.BLL", "..\fs_source\FS.BLL\FS.BLL.csproj", "{1369D993-A6A2-44C3-AFE7-64E0F3421F29}"
EndProject
Project("{FAE04EC0-301F-11D3-BF4B-00C04F79EFBC}") = "FS.DAL", "..\fs_source\FS.DAL\FS.DAL.csproj", "{47DEDB8D-29A0-46F0-A498-612FCFB13A89}"
EndProject
Project("{FAE04EC0-301F-11D3-BF4B-00C04F79EFBC}") = "FS.IdentityFramework", "..\fs_source\FS.IdentityFramework\FS.IdentityFramework.csproj", "{AECE044E-FC1B-4AF8-BB8B-4A763C9A02A9}"
EndProject
Project("{FAE04EC0-301F-11D3-BF4B-00C04F79EFBC}") = "FS.Commons", "..\fs_source\FS.Commons\FS.Commons.csproj", "{C3BA4932-E9F7-4B1C-880D-37B0F0C30C7D}"
EndProject
Project("{FAE04EC0-301F-11D3-BF4B-00C04F79EFBC}") = "FS.Notification", "..\fs_source\FS.Notification\FS.Notification.csproj", "{937AF70C-8AEF-4CDE-B910-AC86C6653447}"
EndProject
Project("{FAE04EC0-301F-11D3-BF4B-00C04F79EFBC}") = "FS.Utility", "..\fs_source\FS.Utility\FS.Utility.csproj", "{0B031B1F-1866-4514-8EAC-F4117CE2AC5C}"
EndProject
Project("{FAE04EC0-301F-11D3-BF4B-00C04F79EFBC}") = "FS.WebBase", "..\fs_source\FS.WebBase\FS.WebBase.csproj", "{B1ABA552-901C-439B-B283-282572B80488}"
EndProject
Global
	GlobalSection(SolutionConfigurationPlatforms) = preSolution
		Debug|Any CPU = Debug|Any CPU
		Release|Any CPU = Release|Any CPU
	EndGlobalSection
	GlobalSection(ProjectConfigurationPlatforms) = postSolution
		{17842E60-2E9B-42BB-8ED2-9556D5898EB3}.Debug|Any CPU.ActiveCfg = Debug|Any CPU
		{17842E60-2E9B-42BB-8ED2-9556D5898EB3}.Debug|Any CPU.Build.0 = Debug|Any CPU
		{17842E60-2E9B-42BB-8ED2-9556D5898EB3}.Release|Any CPU.ActiveCfg = Release|Any CPU
		{17842E60-2E9B-42BB-8ED2-9556D5898EB3}.Release|Any CPU.Build.0 = Release|Any CPU
		{B8EBCC36-E8D2-41AE-A4C7-94612829CDC4}.Debug|Any CPU.ActiveCfg = Debug|Any CPU
		{B8EBCC36-E8D2-41AE-A4C7-94612829CDC4}.Debug|Any CPU.Build.0 = Debug|Any CPU
		{B8EBCC36-E8D2-41AE-A4C7-94612829CDC4}.Release|Any CPU.ActiveCfg = Release|Any CPU
		{B8EBCC36-E8D2-41AE-A4C7-94612829CDC4}.Release|Any CPU.Build.0 = Release|Any CPU
		{E82BBCFB-EB49-4266-8CAB-80D0A383312C}.Debug|Any CPU.ActiveCfg = Debug|Any CPU
		{E82BBCFB-EB49-4266-8CAB-80D0A383312C}.Debug|Any CPU.Build.0 = Debug|Any CPU
		{E82BBCFB-EB49-4266-8CAB-80D0A383312C}.Release|Any CPU.ActiveCfg = Release|Any CPU
		{E82BBCFB-EB49-4266-8CAB-80D0A383312C}.Release|Any CPU.Build.0 = Release|Any CPU
		{1369D993-A6A2-44C3-AFE7-64E0F3421F29}.Debug|Any CPU.ActiveCfg = Debug|Any CPU
		{1369D993-A6A2-44C3-AFE7-64E0F3421F29}.Debug|Any CPU.Build.0 = Debug|Any CPU
		{1369D993-A6A2-44C3-AFE7-64E0F3421F29}.Release|Any CPU.ActiveCfg = Release|Any CPU
		{1369D993-A6A2-44C3-AFE7-64E0F3421F29}.Release|Any CPU.Build.0 = Release|Any CPU
		{47DEDB8D-29A0-46F0-A498-612FCFB13A89}.Debug|Any CPU.ActiveCfg = Debug|Any CPU
		{47DEDB8D-29A0-46F0-A498-612FCFB13A89}.Debug|Any CPU.Build.0 = Debug|Any CPU
		{47DEDB8D-29A0-46F0-A498-612FCFB13A89}.Release|Any CPU.ActiveCfg = Release|Any CPU
		{47DEDB8D-29A0-46F0-A498-612FCFB13A89}.Release|Any CPU.Build.0 = Release|Any CPU
		{AECE044E-FC1B-4AF8-BB8B-4A763C9A02A9}.Debug|Any CPU.ActiveCfg = Debug|Any CPU
		{AECE044E-FC1B-4AF8-BB8B-4A763C9A02A9}.Debug|Any CPU.Build.0 = Debug|Any CPU
		{AECE044E-FC1B-4AF8-BB8B-4A763C9A02A9}.Release|Any CPU.ActiveCfg = Release|Any CPU
		{AECE044E-FC1B-4AF8-BB8B-4A763C9A02A9}.Release|Any CPU.Build.0 = Release|Any CPU
		{C3BA4932-E9F7-4B1C-880D-37B0F0C30C7D}.Debug|Any CPU.ActiveCfg = Debug|Any CPU
		{C3BA4932-E9F7-4B1C-880D-37B0F0C30C7D}.Debug|Any CPU.Build.0 = Debug|Any CPU
		{C3BA4932-E9F7-4B1C-880D-37B0F0C30C7D}.Release|Any CPU.ActiveCfg = Release|Any CPU
		{C3BA4932-E9F7-4B1C-880D-37B0F0C30C7D}.Release|Any CPU.Build.0 = Release|Any CPU
		{937AF70C-8AEF-4CDE-B910-AC86C6653447}.Debug|Any CPU.ActiveCfg = Debug|Any CPU
		{937AF70C-8AEF-4CDE-B910-AC86C6653447}.Debug|Any CPU.Build.0 = Debug|Any CPU
		{937AF70C-8AEF-4CDE-B910-AC86C6653447}.Release|Any CPU.ActiveCfg = Release|Any CPU
		{937AF70C-8AEF-4CDE-B910-AC86C6653447}.Release|Any CPU.Build.0 = Release|Any CPU
		{0B031B1F-1866-4514-8EAC-F4117CE2AC5C}.Debug|Any CPU.ActiveCfg = Debug|Any CPU
		{0B031B1F-1866-4514-8EAC-F4117CE2AC5C}.Debug|Any CPU.Build.0 = Debug|Any CPU
		{0B031B1F-1866-4514-8EAC-F4117CE2AC5C}.Release|Any CPU.ActiveCfg = Release|Any CPU
		{0B031B1F-1866-4514-8EAC-F4117CE2AC5C}.Release|Any CPU.Build.0 = Release|Any CPU
		{B1ABA552-901C-439B-B283-282572B80488}.Debug|Any CPU.ActiveCfg = Debug|Any CPU
		{B1ABA552-901C-439B-B283-282572B80488}.Debug|Any CPU.Build.0 = Debug|Any CPU
		{B1ABA552-901C-439B-B283-282572B80488}.Release|Any CPU.ActiveCfg = Release|Any CPU
		{B1ABA552-901C-439B-B283-282572B80488}.Release|Any CPU.Build.0 = Release|Any CPU
	EndGlobalSection
	GlobalSection(NestedProjects) = preSolution
		{B8EBCC36-E8D2-41AE-A4C7-94612829CDC4} = {0203E444-120F-4513-92F0-3D97869E3165}
		{E82BBCFB-EB49-4266-8CAB-80D0A383312C} = {0203E444-120F-4513-92F0-3D97869E3165}
		{1369D993-A6A2-44C3-AFE7-64E0F3421F29} = {0203E444-120F-4513-92F0-3D97869E3165}
		{C3BA4932-E9F7-4B1C-880D-37B0F0C30C7D} = {0203E444-120F-4513-92F0-3D97869E3165}
		{47DEDB8D-29A0-46F0-A498-612FCFB13A89} = {0203E444-120F-4513-92F0-3D97869E3165}
		{AECE044E-FC1B-4AF8-BB8B-4A763C9A02A9} = {0203E444-120F-4513-92F0-3D97869E3165}
		{937AF70C-8AEF-4CDE-B910-AC86C6653447} = {0203E444-120F-4513-92F0-3D97869E3165}
		{0B031B1F-1866-4514-8EAC-F4117CE2AC5C} = {0203E444-120F-4513-92F0-3D97869E3165}
		{B1ABA552-901C-439B-B283-282572B80488} = {0203E444-120F-4513-92F0-3D97869E3165}
	EndGlobalSection
EndGlobal
